schema: '2.0'
stages:
  visualize_data:
    cmd: python src/data_visualization.py
    deps:
    - path: data/raw/bank-additional-full.csv
      hash: md5
      md5: f6cb2c1256ffe2836b36df321f46e92c
      size: 5834924
    outs:
    - path: docs/figures/
      hash: md5
      md5: fd4ce12724a0a0f4d8681b38a162137b.dir
      size: 39818
      nfiles: 2
  test_data_quality:
    cmd: pytest --html=docs/test_results/test_results.html --self-contained-html
      test/test_data_quality.py
    deps:
    - path: data/raw/bank-additional-full.csv
      hash: md5
      md5: f6cb2c1256ffe2836b36df321f46e92c
      size: 5834924
    - path: test/test_data_quality.py
      hash: md5
      md5: 7427896ac98716ac8e5f9bc313862437
      size: 2479
    outs:
    - path: docs/test_results/test_results.html
      hash: md5
      md5: 8aaba1c3cb5864fab836bf29735e8249
      size: 32892
  test_data_gx:
    cmd: pytest --html=docs/test_results/test_results_gx.html 
      --self-contained-html test/test_data_gx.py
    deps:
    - path: data/raw/bank-additional-full.csv
      hash: md5
      md5: f6cb2c1256ffe2836b36df321f46e92c
      size: 5834924
    - path: test/test_data_gx.py
      hash: md5
      md5: cef39a41d6dc0b787829a0d7a5e7c3ec
      size: 1310
    outs:
    - path: docs/test_results/test_results_gx.html
      hash: md5
      md5: 424bec907b5a609c064c2117725b15fa
      size: 32322
  preprocess_data:
    cmd: python src/data_preparation.py
    deps:
    - path: data/raw/bank-additional-full.csv
      hash: md5
      md5: f6cb2c1256ffe2836b36df321f46e92c
      size: 5834924
    - path: src/data_preparation.py
      hash: md5
      md5: 4220a724f0145c40df2c655bc2a0f7b3
      size: 1480
    outs:
    - path: data/processed/bank-processed.csv
      hash: md5
      md5: 8ec418f7c73c6f688e227eeeeda044b8
      size: 4406723
    - path: docs/transformation.txt
      hash: md5
      md5: 346cf24d4ac1bba892fbd51d3809f693
      size: 323
