schema: '2.0'
stages:
  visualize_data:
    cmd: python src/data_visualization.py
    deps:
    - path: data/raw/bank-additional-full.csv
      hash: md5
      md5: f6cb2c1256ffe2836b36df321f46e92c
      size: 5834924
    outs:
    - path: docs/figures/
      hash: md5
      md5: fd4ce12724a0a0f4d8681b38a162137b.dir
      size: 39818
      nfiles: 2
  test_data_quality:
    cmd: pytest --html=docs/test_results/test_results.html --self-contained-html
      test/test_data_quality.py
    deps:
    - path: data/raw/bank-additional-full.csv
      hash: md5
      md5: f6cb2c1256ffe2836b36df321f46e92c
      size: 5834924
    - path: test/test_data_quality.py
      hash: md5
      md5: 19c0f08a2967b31fafb87811b93d6b27
      size: 2771
    outs:
    - path: docs/test_results/test_results.html
      hash: md5
      md5: aec60d3351a862f77208c9302bccdbb5
      size: 32892
  test_data_gx:
    cmd: pytest --html=docs/test_results/test_results_gx.html 
      --self-contained-html test/test_data_gx.py
    deps:
    - path: data/raw/bank-additional-full.csv
      hash: md5
      md5: f6cb2c1256ffe2836b36df321f46e92c
      size: 5834924
    - path: test/test_data_gx.py
      hash: md5
      md5: cef39a41d6dc0b787829a0d7a5e7c3ec
      size: 1310
    outs:
    - path: docs/test_results/test_results_gx.html
      hash: md5
      md5: 424bec907b5a609c064c2117725b15fa
      size: 32322
